
Microsoft Visual Studio Solution File, Format Version 12.00
# Visual Studio Version 16
VisualStudioVersion = 16.0.30717.126
MinimumVisualStudioVersion = 10.0.40219.1
Project("{FAE04EC0-301F-11D3-BF4B-00C04F79EFBC}") = "JkTsGetter", "JkTsGetter\JkTsGetter.csproj", "{9C35DDA2-0908-45A5-8AD3-94D8C8381055}"
EndProject
Project("{FAE04EC0-301F-11D3-BF4B-00C04F79EFBC}") = "JkTsGetterTool", "JkTsGetterTool\JkTsGetterTool.csproj", "{55775B62-02B8-404D-AE86-2B0350D7B1A9}"
EndProject
Global
	GlobalSection(SolutionConfigurationPlatforms) = preSolution
		Debug|Any CPU = Debug|Any CPU
		Release|Any CPU = Release|Any CPU
	EndGlobalSection
	GlobalSection(ProjectConfigurationPlatforms) = postSolution
		{9C35DDA2-0908-45A5-8AD3-94D8C8381055}.Debug|Any CPU.ActiveCfg = Debug|Any CPU
		{9C35DDA2-0908-45A5-8AD3-94D8C8381055}.Debug|Any CPU.Build.0 = Debug|Any CPU
		{9C35DDA2-0908-45A5-8AD3-94D8C8381055}.Release|Any CPU.ActiveCfg = Release|Any CPU
		{9C35DDA2-0908-45A5-8AD3-94D8C8381055}.Release|Any CPU.Build.0 = Release|Any CPU
		{55775B62-02B8-404D-AE86-2B0350D7B1A9}.Debug|Any CPU.ActiveCfg = Debug|Any CPU
		{55775B62-02B8-404D-AE86-2B0350D7B1A9}.Debug|Any CPU.Build.0 = Debug|Any CPU
		{55775B62-02B8-404D-AE86-2B0350D7B1A9}.Release|Any CPU.ActiveCfg = Release|Any CPU
		{55775B62-02B8-404D-AE86-2B0350D7B1A9}.Release|Any CPU.Build.0 = Release|Any CPU
	EndGlobalSection
	GlobalSection(SolutionProperties) = preSolution
		HideSolutionNode = FALSE
	EndGlobalSection
	GlobalSection(ExtensibilityGlobals) = postSolution
		SolutionGuid = {7A6757FB-5E00-430A-ACFA-27CAFF41A803}
	EndGlobalSection
EndGlobal
